// !$*UTF8*$!
{
	archiveVersion = 1;
	classes = {
	};
	objectVersion = 48;
	objects = {

/* Begin PBXBuildFile section */
		2D45C8071A4B4F92909E81E7 /* libPods-TestDemoTests.a in Frameworks */ = {isa = PBXBuildFile; fileRef = 878E5DA37AFA717771C2F6A1 /* libPods-TestDemoTests.a */; };
		3D21B3A0D349196E9EA91F7F /* libPods-TestDemo.a in Frameworks */ = {isa = PBXBuildFile; fileRef = 7D079E400D672103B8D28195 /* libPods-TestDemo.a */; };
		6F421DC2715EC5072BC4C7BD /* libPods-TestDemoUITests.a in Frameworks */ = {isa = PBXBuildFile; fileRef = B6B137D0259C792BD53D3F16 /* libPods-TestDemoUITests.a */; };
		8D7DB0391F73F7D9007D7B02 /* ViewController.m in Sources */ = {isa = PBXBuildFile; fileRef = 8D7DB0381F73F7D9007D7B02 /* ViewController.m */; };
		8D7DB03F1F73F7D9007D7B02 /* TestDemo.xcdatamodeld in Sources */ = {isa = PBXBuildFile; fileRef = 8D7DB03D1F73F7D9007D7B02 /* TestDemo.xcdatamodeld */; };
		8D7DB0411F73F7D9007D7B02 /* Assets.xcassets in Resources */ = {isa = PBXBuildFile; fileRef = 8D7DB0401F73F7D9007D7B02 /* Assets.xcassets */; };
		8D7DB0441F73F7D9007D7B02 /* LaunchScreen.storyboard in Resources */ = {isa = PBXBuildFile; fileRef = 8D7DB0421F73F7D9007D7B02 /* LaunchScreen.storyboard */; };
		8D7DB0471F73F7D9007D7B02 /* main.m in Sources */ = {isa = PBXBuildFile; fileRef = 8D7DB0461F73F7D9007D7B02 /* main.m */; };
		8D7DB0511F73F7D9007D7B02 /* TestDemoTests.m in Sources */ = {isa = PBXBuildFile; fileRef = 8D7DB0501F73F7D9007D7B02 /* TestDemoTests.m */; };
		8D7DB05C1F73F7D9007D7B02 /* TestDemoUITests.m in Sources */ = {isa = PBXBuildFile; fileRef = 8D7DB05B1F73F7D9007D7B02 /* TestDemoUITests.m */; };
		8D7DB06C1F73F904007D7B02 /* TestUnit.m in Sources */ = {isa = PBXBuildFile; fileRef = 8D7DB06B1F73F904007D7B02 /* TestUnit.m */; };
		8D7DB0B81F740F3D007D7B02 /* AppDelegate.m in Sources */ = {isa = PBXBuildFile; fileRef = 8D7DB0B71F740F3D007D7B02 /* AppDelegate.m */; };
		8D7DB0BE1F740F91007D7B02 /* AppDelegate+YJAppService.m in Sources */ = {isa = PBXBuildFile; fileRef = 8D7DB0BD1F740F91007D7B02 /* AppDelegate+YJAppService.m */; };
		8D7DB0C21F74173D007D7B02 /* YJBaseViewController.m in Sources */ = {isa = PBXBuildFile; fileRef = 8D7DB0C11F74173D007D7B02 /* YJBaseViewController.m */; };
		8D7DB0C51F741860007D7B02 /* YJNavigationController.m in Sources */ = {isa = PBXBuildFile; fileRef = 8D7DB0C41F741860007D7B02 /* YJNavigationController.m */; };
		8D7DB0C81F741888007D7B02 /* YJRootTabBarController.m in Sources */ = {isa = PBXBuildFile; fileRef = 8D7DB0C71F741888007D7B02 /* YJRootTabBarController.m */; };
		8D7DB0D11F741CDF007D7B02 /* UIImage+YJImage.m in Sources */ = {isa = PBXBuildFile; fileRef = 8D7DB0D01F741CDF007D7B02 /* UIImage+YJImage.m */; };
		8D7DB0D81F742728007D7B02 /* YJConsts.m in Sources */ = {isa = PBXBuildFile; fileRef = 8D7DB0D71F742728007D7B02 /* YJConsts.m */; };
		8D7DB0DD1F74983A007D7B02 /* HomeViewController.m in Sources */ = {isa = PBXBuildFile; fileRef = 8D7DB0DC1F74983A007D7B02 /* HomeViewController.m */; };
		8D7DB0E11F7499E3007D7B02 /* StaticClass.m in Sources */ = {isa = PBXBuildFile; fileRef = 8D7DB0E01F7499E3007D7B02 /* StaticClass.m */; };
		8D7DB0F11F74BC09007D7B02 /* UIBarButtonItem+YJBarButtonItem.m in Sources */ = {isa = PBXBuildFile; fileRef = 8D7DB0F01F74BC09007D7B02 /* UIBarButtonItem+YJBarButtonItem.m */; };
		8D7DB0F41F74BE0E007D7B02 /* YJTabBar.m in Sources */ = {isa = PBXBuildFile; fileRef = 8D7DB0F31F74BE0E007D7B02 /* YJTabBar.m */; };
		8D7DB0F81F74D675007D7B02 /* MessageViewController.m in Sources */ = {isa = PBXBuildFile; fileRef = 8D7DB0F71F74D675007D7B02 /* MessageViewController.m */; };
		8D86B3021F76027300F74A87 /* YJNavSearchBarView.m in Sources */ = {isa = PBXBuildFile; fileRef = 8D86B3011F76027300F74A87 /* YJNavSearchBarView.m */; };
		8D86B3061F76072C00F74A87 /* UIView+YJExtension.m in Sources */ = {isa = PBXBuildFile; fileRef = 8D86B3051F76072C00F74A87 /* UIView+YJExtension.m */; };
		8D86B30A1F76695500F74A87 /* DetailViewController.m in Sources */ = {isa = PBXBuildFile; fileRef = 8D86B3091F76695500F74A87 /* DetailViewController.m */; };
		8D86B31B1F77470300F74A87 /* LeftMenuViewController.m in Sources */ = {isa = PBXBuildFile; fileRef = 8D86B31A1F77470300F74A87 /* LeftMenuViewController.m */; };
/* End PBXBuildFile section */

/* Begin PBXContainerItemProxy section */
		8D7DB04D1F73F7D9007D7B02 /* PBXContainerItemProxy */ = {
			isa = PBXContainerItemProxy;
			containerPortal = 8D7DB0291F73F7D9007D7B02 /* Project object */;
			proxyType = 1;
			remoteGlobalIDString = 8D7DB0301F73F7D9007D7B02;
			remoteInfo = TestDemo;
		};
		8D7DB0581F73F7D9007D7B02 /* PBXContainerItemProxy */ = {
			isa = PBXContainerItemProxy;
			containerPortal = 8D7DB0291F73F7D9007D7B02 /* Project object */;
			proxyType = 1;
			remoteGlobalIDString = 8D7DB0301F73F7D9007D7B02;
			remoteInfo = TestDemo;
		};
/* End PBXContainerItemProxy section */

/* Begin PBXFileReference section */
		04040D327CFAE38E2A706BA1 /* Pods-TestDemoUITests.debug.xcconfig */ = {isa = PBXFileReference; includeInIndex = 1; lastKnownFileType = text.xcconfig; name = "Pods-TestDemoUITests.debug.xcconfig"; path = "Pods/Target Support Files/Pods-TestDemoUITests/Pods-TestDemoUITests.debug.xcconfig"; sourceTree = "<group>"; };
		2168DF900CDF2CBFE4E7BFE0 /* Pods-TestDemoTests.release.xcconfig */ = {isa = PBXFileReference; includeInIndex = 1; lastKnownFileType = text.xcconfig; name = "Pods-TestDemoTests.release.xcconfig"; path = "Pods/Target Support Files/Pods-TestDemoTests/Pods-TestDemoTests.release.xcconfig"; sourceTree = "<group>"; };
		2EA2450A5D8203B459382B37 /* Pods-TestDemo.debug.xcconfig */ = {isa = PBXFileReference; includeInIndex = 1; lastKnownFileType = text.xcconfig; name = "Pods-TestDemo.debug.xcconfig"; path = "Pods/Target Support Files/Pods-TestDemo/Pods-TestDemo.debug.xcconfig"; sourceTree = "<group>"; };
		53BE0C40659750612EFC74D5 /* Pods-TestDemoTests.debug.xcconfig */ = {isa = PBXFileReference; includeInIndex = 1; lastKnownFileType = text.xcconfig; name = "Pods-TestDemoTests.debug.xcconfig"; path = "Pods/Target Support Files/Pods-TestDemoTests/Pods-TestDemoTests.debug.xcconfig"; sourceTree = "<group>"; };
		7D079E400D672103B8D28195 /* libPods-TestDemo.a */ = {isa = PBXFileReference; explicitFileType = archive.ar; includeInIndex = 0; path = "libPods-TestDemo.a"; sourceTree = BUILT_PRODUCTS_DIR; };
		878E5DA37AFA717771C2F6A1 /* libPods-TestDemoTests.a */ = {isa = PBXFileReference; explicitFileType = archive.ar; includeInIndex = 0; path = "libPods-TestDemoTests.a"; sourceTree = BUILT_PRODUCTS_DIR; };
		8D7DB0311F73F7D9007D7B02 /* TestDemo.app */ = {isa = PBXFileReference; explicitFileType = wrapper.application; includeInIndex = 0; path = TestDemo.app; sourceTree = BUILT_PRODUCTS_DIR; };
		8D7DB0371F73F7D9007D7B02 /* ViewController.h */ = {isa = PBXFileReference; lastKnownFileType = sourcecode.c.h; path = ViewController.h; sourceTree = "<group>"; };
		8D7DB0381F73F7D9007D7B02 /* ViewController.m */ = {isa = PBXFileReference; lastKnownFileType = sourcecode.c.objc; path = ViewController.m; sourceTree = "<group>"; };
		8D7DB03E1F73F7D9007D7B02 /* TestDemo.xcdatamodel */ = {isa = PBXFileReference; lastKnownFileType = wrapper.xcdatamodel; path = TestDemo.xcdatamodel; sourceTree = "<group>"; };
		8D7DB0401F73F7D9007D7B02 /* Assets.xcassets */ = {isa = PBXFileReference; lastKnownFileType = folder.assetcatalog; path = Assets.xcassets; sourceTree = "<group>"; };
		8D7DB0431F73F7D9007D7B02 /* Base */ = {isa = PBXFileReference; lastKnownFileType = file.storyboard; name = Base; path = Base.lproj/LaunchScreen.storyboard; sourceTree = "<group>"; };
		8D7DB0451F73F7D9007D7B02 /* Info.plist */ = {isa = PBXFileReference; lastKnownFileType = text.plist.xml; path = Info.plist; sourceTree = "<group>"; };
		8D7DB0461F73F7D9007D7B02 /* main.m */ = {isa = PBXFileReference; lastKnownFileType = sourcecode.c.objc; path = main.m; sourceTree = "<group>"; };
		8D7DB04C1F73F7D9007D7B02 /* TestDemoTests.xctest */ = {isa = PBXFileReference; explicitFileType = wrapper.cfbundle; includeInIndex = 0; path = TestDemoTests.xctest; sourceTree = BUILT_PRODUCTS_DIR; };
		8D7DB0501F73F7D9007D7B02 /* TestDemoTests.m */ = {isa = PBXFileReference; lastKnownFileType = sourcecode.c.objc; path = TestDemoTests.m; sourceTree = "<group>"; };
		8D7DB0521F73F7D9007D7B02 /* Info.plist */ = {isa = PBXFileReference; lastKnownFileType = text.plist.xml; path = Info.plist; sourceTree = "<group>"; };
		8D7DB0571F73F7D9007D7B02 /* TestDemoUITests.xctest */ = {isa = PBXFileReference; explicitFileType = wrapper.cfbundle; includeInIndex = 0; path = TestDemoUITests.xctest; sourceTree = BUILT_PRODUCTS_DIR; };
		8D7DB05B1F73F7D9007D7B02 /* TestDemoUITests.m */ = {isa = PBXFileReference; lastKnownFileType = sourcecode.c.objc; path = TestDemoUITests.m; sourceTree = "<group>"; };
		8D7DB05D1F73F7D9007D7B02 /* Info.plist */ = {isa = PBXFileReference; lastKnownFileType = text.plist.xml; path = Info.plist; sourceTree = "<group>"; };
		8D7DB06A1F73F904007D7B02 /* TestUnit.h */ = {isa = PBXFileReference; lastKnownFileType = sourcecode.c.h; path = TestUnit.h; sourceTree = "<group>"; };
		8D7DB06B1F73F904007D7B02 /* TestUnit.m */ = {isa = PBXFileReference; lastKnownFileType = sourcecode.c.objc; path = TestUnit.m; sourceTree = "<group>"; };
		8D7DB0B61F740F3D007D7B02 /* AppDelegate.h */ = {isa = PBXFileReference; fileEncoding = 4; lastKnownFileType = sourcecode.c.h; path = AppDelegate.h; sourceTree = "<group>"; };
		8D7DB0B71F740F3D007D7B02 /* AppDelegate.m */ = {isa = PBXFileReference; fileEncoding = 4; lastKnownFileType = sourcecode.c.objc; path = AppDelegate.m; sourceTree = "<group>"; };
		8D7DB0BC1F740F91007D7B02 /* AppDelegate+YJAppService.h */ = {isa = PBXFileReference; lastKnownFileType = sourcecode.c.h; path = "AppDelegate+YJAppService.h"; sourceTree = "<group>"; };
		8D7DB0BD1F740F91007D7B02 /* AppDelegate+YJAppService.m */ = {isa = PBXFileReference; lastKnownFileType = sourcecode.c.objc; path = "AppDelegate+YJAppService.m"; sourceTree = "<group>"; };
		8D7DB0C01F74173D007D7B02 /* YJBaseViewController.h */ = {isa = PBXFileReference; lastKnownFileType = sourcecode.c.h; path = YJBaseViewController.h; sourceTree = "<group>"; };
		8D7DB0C11F74173D007D7B02 /* YJBaseViewController.m */ = {isa = PBXFileReference; lastKnownFileType = sourcecode.c.objc; path = YJBaseViewController.m; sourceTree = "<group>"; };
		8D7DB0C31F741860007D7B02 /* YJNavigationController.h */ = {isa = PBXFileReference; lastKnownFileType = sourcecode.c.h; path = YJNavigationController.h; sourceTree = "<group>"; };
		8D7DB0C41F741860007D7B02 /* YJNavigationController.m */ = {isa = PBXFileReference; lastKnownFileType = sourcecode.c.objc; path = YJNavigationController.m; sourceTree = "<group>"; };
		8D7DB0C61F741888007D7B02 /* YJRootTabBarController.h */ = {isa = PBXFileReference; lastKnownFileType = sourcecode.c.h; path = YJRootTabBarController.h; sourceTree = "<group>"; };
		8D7DB0C71F741888007D7B02 /* YJRootTabBarController.m */ = {isa = PBXFileReference; lastKnownFileType = sourcecode.c.objc; path = YJRootTabBarController.m; sourceTree = "<group>"; };
		8D7DB0CB1F7419D1007D7B02 /* Macros.h */ = {isa = PBXFileReference; lastKnownFileType = sourcecode.c.h; path = Macros.h; sourceTree = "<group>"; };
		8D7DB0CD1F741B1C007D7B02 /* Headers.h */ = {isa = PBXFileReference; lastKnownFileType = sourcecode.c.h; path = Headers.h; sourceTree = "<group>"; };
		8D7DB0CF1F741CDF007D7B02 /* UIImage+YJImage.h */ = {isa = PBXFileReference; lastKnownFileType = sourcecode.c.h; path = "UIImage+YJImage.h"; sourceTree = "<group>"; };
		8D7DB0D01F741CDF007D7B02 /* UIImage+YJImage.m */ = {isa = PBXFileReference; lastKnownFileType = sourcecode.c.objc; path = "UIImage+YJImage.m"; sourceTree = "<group>"; };
		8D7DB0D41F7425A4007D7B02 /* PrefixHeader.pch */ = {isa = PBXFileReference; lastKnownFileType = sourcecode.c.h; path = PrefixHeader.pch; sourceTree = "<group>"; };
		8D7DB0D61F742728007D7B02 /* YJConsts.h */ = {isa = PBXFileReference; lastKnownFileType = sourcecode.c.h; path = YJConsts.h; sourceTree = "<group>"; };
		8D7DB0D71F742728007D7B02 /* YJConsts.m */ = {isa = PBXFileReference; lastKnownFileType = sourcecode.c.objc; path = YJConsts.m; sourceTree = "<group>"; };
		8D7DB0DB1F74983A007D7B02 /* HomeViewController.h */ = {isa = PBXFileReference; lastKnownFileType = sourcecode.c.h; path = HomeViewController.h; sourceTree = "<group>"; };
		8D7DB0DC1F74983A007D7B02 /* HomeViewController.m */ = {isa = PBXFileReference; lastKnownFileType = sourcecode.c.objc; path = HomeViewController.m; sourceTree = "<group>"; };
		8D7DB0DF1F7499E3007D7B02 /* StaticClass.h */ = {isa = PBXFileReference; lastKnownFileType = sourcecode.c.h; path = StaticClass.h; sourceTree = "<group>"; };
		8D7DB0E01F7499E3007D7B02 /* StaticClass.m */ = {isa = PBXFileReference; lastKnownFileType = sourcecode.c.objc; path = StaticClass.m; sourceTree = "<group>"; };
		8D7DB0EF1F74BC09007D7B02 /* UIBarButtonItem+YJBarButtonItem.h */ = {isa = PBXFileReference; lastKnownFileType = sourcecode.c.h; path = "UIBarButtonItem+YJBarButtonItem.h"; sourceTree = "<group>"; };
		8D7DB0F01F74BC09007D7B02 /* UIBarButtonItem+YJBarButtonItem.m */ = {isa = PBXFileReference; lastKnownFileType = sourcecode.c.objc; path = "UIBarButtonItem+YJBarButtonItem.m"; sourceTree = "<group>"; };
		8D7DB0F21F74BE0E007D7B02 /* YJTabBar.h */ = {isa = PBXFileReference; lastKnownFileType = sourcecode.c.h; path = YJTabBar.h; sourceTree = "<group>"; };
		8D7DB0F31F74BE0E007D7B02 /* YJTabBar.m */ = {isa = PBXFileReference; lastKnownFileType = sourcecode.c.objc; path = YJTabBar.m; sourceTree = "<group>"; };
		8D7DB0F51F74BF17007D7B02 /* PingFang Medium.ttf */ = {isa = PBXFileReference; lastKnownFileType = file; path = "PingFang Medium.ttf"; sourceTree = "<group>"; };
		8D7DB0F61F74D675007D7B02 /* MessageViewController.h */ = {isa = PBXFileReference; lastKnownFileType = sourcecode.c.h; path = MessageViewController.h; sourceTree = "<group>"; };
		8D7DB0F71F74D675007D7B02 /* MessageViewController.m */ = {isa = PBXFileReference; lastKnownFileType = sourcecode.c.objc; path = MessageViewController.m; sourceTree = "<group>"; };
		8D86B3001F76027300F74A87 /* YJNavSearchBarView.h */ = {isa = PBXFileReference; lastKnownFileType = sourcecode.c.h; path = YJNavSearchBarView.h; sourceTree = "<group>"; };
		8D86B3011F76027300F74A87 /* YJNavSearchBarView.m */ = {isa = PBXFileReference; lastKnownFileType = sourcecode.c.objc; path = YJNavSearchBarView.m; sourceTree = "<group>"; };
		8D86B3041F76072C00F74A87 /* UIView+YJExtension.h */ = {isa = PBXFileReference; lastKnownFileType = sourcecode.c.h; path = "UIView+YJExtension.h"; sourceTree = "<group>"; };
		8D86B3051F76072C00F74A87 /* UIView+YJExtension.m */ = {isa = PBXFileReference; lastKnownFileType = sourcecode.c.objc; path = "UIView+YJExtension.m"; sourceTree = "<group>"; };
		8D86B3081F76695500F74A87 /* DetailViewController.h */ = {isa = PBXFileReference; lastKnownFileType = sourcecode.c.h; path = DetailViewController.h; sourceTree = "<group>"; };
		8D86B3091F76695500F74A87 /* DetailViewController.m */ = {isa = PBXFileReference; lastKnownFileType = sourcecode.c.objc; path = DetailViewController.m; sourceTree = "<group>"; };
		8D86B3191F77470300F74A87 /* LeftMenuViewController.h */ = {isa = PBXFileReference; lastKnownFileType = sourcecode.c.h; path = LeftMenuViewController.h; sourceTree = "<group>"; };
		8D86B31A1F77470300F74A87 /* LeftMenuViewController.m */ = {isa = PBXFileReference; lastKnownFileType = sourcecode.c.objc; path = LeftMenuViewController.m; sourceTree = "<group>"; };
		8D86B3201F776AE700F74A87 /* CWDrawerTransition.h */ = {isa = PBXFileReference; lastKnownFileType = sourcecode.c.h; path = CWDrawerTransition.h; sourceTree = "<group>"; };
		8D86B3211F776AE700F74A87 /* CWDrawerTransition.m */ = {isa = PBXFileReference; lastKnownFileType = sourcecode.c.objc; path = CWDrawerTransition.m; sourceTree = "<group>"; };
		8D86B3221F776AE700F74A87 /* CWInteractiveTransition.h */ = {isa = PBXFileReference; lastKnownFileType = sourcecode.c.h; path = CWInteractiveTransition.h; sourceTree = "<group>"; };
		8D86B3231F776AE700F74A87 /* CWInteractiveTransition.m */ = {isa = PBXFileReference; lastKnownFileType = sourcecode.c.objc; path = CWInteractiveTransition.m; sourceTree = "<group>"; };
		8D86B3241F776AE700F74A87 /* CWLateralSlideAnimator.h */ = {isa = PBXFileReference; lastKnownFileType = sourcecode.c.h; path = CWLateralSlideAnimator.h; sourceTree = "<group>"; };
		8D86B3251F776AE700F74A87 /* CWLateralSlideAnimator.m */ = {isa = PBXFileReference; lastKnownFileType = sourcecode.c.objc; path = CWLateralSlideAnimator.m; sourceTree = "<group>"; };
		8D86B3281F776AE700F74A87 /* UIViewController+CWLateralSlide.h */ = {isa = PBXFileReference; lastKnownFileType = sourcecode.c.h; path = "UIViewController+CWLateralSlide.h"; sourceTree = "<group>"; };
		8D86B3291F776AE700F74A87 /* UIViewController+CWLateralSlide.m */ = {isa = PBXFileReference; lastKnownFileType = sourcecode.c.objc; path = "UIViewController+CWLateralSlide.m"; sourceTree = "<group>"; };
		8D86B32A1F77704F00F74A87 /* CWLateralSlideConfiguration.m */ = {isa = PBXFileReference; lastKnownFileType = sourcecode.c.objc; path = CWLateralSlideConfiguration.m; sourceTree = "<group>"; };
		8D86B32B1F77704F00F74A87 /* CWLateralSlideConfiguration.h */ = {isa = PBXFileReference; lastKnownFileType = sourcecode.c.h; path = CWLateralSlideConfiguration.h; sourceTree = "<group>"; };
		9D66AC55C6A4A244D6CF15DF /* Pods-TestDemo.release.xcconfig */ = {isa = PBXFileReference; includeInIndex = 1; lastKnownFileType = text.xcconfig; name = "Pods-TestDemo.release.xcconfig"; path = "Pods/Target Support Files/Pods-TestDemo/Pods-TestDemo.release.xcconfig"; sourceTree = "<group>"; };
		B6B137D0259C792BD53D3F16 /* libPods-TestDemoUITests.a */ = {isa = PBXFileReference; explicitFileType = archive.ar; includeInIndex = 0; path = "libPods-TestDemoUITests.a"; sourceTree = BUILT_PRODUCTS_DIR; };
		CC2FFDF84A30EDF4DB4B07D6 /* Pods-TestDemoUITests.release.xcconfig */ = {isa = PBXFileReference; includeInIndex = 1; lastKnownFileType = text.xcconfig; name = "Pods-TestDemoUITests.release.xcconfig"; path = "Pods/Target Support Files/Pods-TestDemoUITests/Pods-TestDemoUITests.release.xcconfig"; sourceTree = "<group>"; };
/* End PBXFileReference section */

/* Begin PBXFrameworksBuildPhase section */
		8D7DB02E1F73F7D9007D7B02 /* Frameworks */ = {
			isa = PBXFrameworksBuildPhase;
			buildActionMask = 2147483647;
			files = (
				3D21B3A0D349196E9EA91F7F /* libPods-TestDemo.a in Frameworks */,
			);
			runOnlyForDeploymentPostprocessing = 0;
		};
		8D7DB0491F73F7D9007D7B02 /* Frameworks */ = {
			isa = PBXFrameworksBuildPhase;
			buildActionMask = 2147483647;
			files = (
				2D45C8071A4B4F92909E81E7 /* libPods-TestDemoTests.a in Frameworks */,
			);
			runOnlyForDeploymentPostprocessing = 0;
		};
		8D7DB0541F73F7D9007D7B02 /* Frameworks */ = {
			isa = PBXFrameworksBuildPhase;
			buildActionMask = 2147483647;
			files = (
				6F421DC2715EC5072BC4C7BD /* libPods-TestDemoUITests.a in Frameworks */,
			);
			runOnlyForDeploymentPostprocessing = 0;
		};
/* End PBXFrameworksBuildPhase section */

/* Begin PBXGroup section */
		2E929C36E81B417B01279B65 /* Pods */ = {
			isa = PBXGroup;
			children = (
				2EA2450A5D8203B459382B37 /* Pods-TestDemo.debug.xcconfig */,
				9D66AC55C6A4A244D6CF15DF /* Pods-TestDemo.release.xcconfig */,
				53BE0C40659750612EFC74D5 /* Pods-TestDemoTests.debug.xcconfig */,
				2168DF900CDF2CBFE4E7BFE0 /* Pods-TestDemoTests.release.xcconfig */,
				04040D327CFAE38E2A706BA1 /* Pods-TestDemoUITests.debug.xcconfig */,
				CC2FFDF84A30EDF4DB4B07D6 /* Pods-TestDemoUITests.release.xcconfig */,
			);
			name = Pods;
			sourceTree = "<group>";
		};
		8D7DB0281F73F7D9007D7B02 = {
			isa = PBXGroup;
			children = (
				8D7DB0331F73F7D9007D7B02 /* TestDemo */,
				8D7DB04F1F73F7D9007D7B02 /* TestDemoTests */,
				8D7DB05A1F73F7D9007D7B02 /* TestDemoUITests */,
				8D7DB0321F73F7D9007D7B02 /* Products */,
				2E929C36E81B417B01279B65 /* Pods */,
				CB6E2D1AFBF938F40FE132FC /* Frameworks */,
			);
			sourceTree = "<group>";
		};
		8D7DB0321F73F7D9007D7B02 /* Products */ = {
			isa = PBXGroup;
			children = (
				8D7DB0311F73F7D9007D7B02 /* TestDemo.app */,
				8D7DB04C1F73F7D9007D7B02 /* TestDemoTests.xctest */,
				8D7DB0571F73F7D9007D7B02 /* TestDemoUITests.xctest */,
			);
			name = Products;
			sourceTree = "<group>";
		};
		8D7DB0331F73F7D9007D7B02 /* TestDemo */ = {
			isa = PBXGroup;
			children = (
				8D7DB0371F73F7D9007D7B02 /* ViewController.h */,
				8D7DB0381F73F7D9007D7B02 /* ViewController.m */,
				8D7DB0DA1F7497EC007D7B02 /* Modules(单元) */,
				8D7DB0C91F741995007D7B02 /* Expand(扩展) */,
				8D7DB0BF1F7416DE007D7B02 /* 基础Base */,
				8D7DB0B51F740F3D007D7B02 /* AppDelegate */,
				8D7DB0691F73F8D9007D7B02 /* Unit单元测试 */,
				8D7DB0D91F74977B007D7B02 /* Others */,
				8D7DB0E81F74B1E5007D7B02 /* Vendors */,
				8D7DB0451F73F7D9007D7B02 /* Info.plist */,
			);
			path = TestDemo;
			sourceTree = "<group>";
		};
		8D7DB04F1F73F7D9007D7B02 /* TestDemoTests */ = {
			isa = PBXGroup;
			children = (
				8D7DB0501F73F7D9007D7B02 /* TestDemoTests.m */,
				8D7DB0521F73F7D9007D7B02 /* Info.plist */,
			);
			path = TestDemoTests;
			sourceTree = "<group>";
		};
		8D7DB05A1F73F7D9007D7B02 /* TestDemoUITests */ = {
			isa = PBXGroup;
			children = (
				8D7DB05B1F73F7D9007D7B02 /* TestDemoUITests.m */,
				8D7DB05D1F73F7D9007D7B02 /* Info.plist */,
			);
			path = TestDemoUITests;
			sourceTree = "<group>";
		};
		8D7DB0691F73F8D9007D7B02 /* Unit单元测试 */ = {
			isa = PBXGroup;
			children = (
				8D7DB06A1F73F904007D7B02 /* TestUnit.h */,
				8D7DB06B1F73F904007D7B02 /* TestUnit.m */,
			);
			path = "Unit单元测试";
			sourceTree = "<group>";
		};
		8D7DB0B51F740F3D007D7B02 /* AppDelegate */ = {
			isa = PBXGroup;
			children = (
				8D7DB0B61F740F3D007D7B02 /* AppDelegate.h */,
				8D7DB0B71F740F3D007D7B02 /* AppDelegate.m */,
				8D7DB0BC1F740F91007D7B02 /* AppDelegate+YJAppService.h */,
				8D7DB0BD1F740F91007D7B02 /* AppDelegate+YJAppService.m */,
			);
			path = AppDelegate;
			sourceTree = "<group>";
		};
		8D7DB0BF1F7416DE007D7B02 /* 基础Base */ = {
			isa = PBXGroup;
			children = (
				8D7DB0E21F74AE8C007D7B02 /* TabView */,
				8D7DB0C01F74173D007D7B02 /* YJBaseViewController.h */,
				8D7DB0C11F74173D007D7B02 /* YJBaseViewController.m */,
				8D7DB0C31F741860007D7B02 /* YJNavigationController.h */,
				8D7DB0C41F741860007D7B02 /* YJNavigationController.m */,
				8D7DB0C61F741888007D7B02 /* YJRootTabBarController.h */,
				8D7DB0C71F741888007D7B02 /* YJRootTabBarController.m */,
			);
			path = "基础Base";
			sourceTree = "<group>";
		};
		8D7DB0C91F741995007D7B02 /* Expand(扩展) */ = {
			isa = PBXGroup;
			children = (
				8D7DB0D41F7425A4007D7B02 /* PrefixHeader.pch */,
				8D7DB0DE1F7499B4007D7B02 /* Static(单例) */,
				8D7DB0D51F742712007D7B02 /* Const(常量) */,
				8D7DB0CE1F741CC4007D7B02 /* Category(分类) */,
				8D7DB0CC1F741B07007D7B02 /* Headers(头文件) */,
				8D7DB0CA1F7419BA007D7B02 /* Macros(宏) */,
			);
			path = "Expand(扩展)";
			sourceTree = "<group>";
		};
		8D7DB0CA1F7419BA007D7B02 /* Macros(宏) */ = {
			isa = PBXGroup;
			children = (
				8D7DB0CB1F7419D1007D7B02 /* Macros.h */,
			);
			path = "Macros(宏)";
			sourceTree = "<group>";
		};
		8D7DB0CC1F741B07007D7B02 /* Headers(头文件) */ = {
			isa = PBXGroup;
			children = (
				8D7DB0CD1F741B1C007D7B02 /* Headers.h */,
			);
			path = "Headers(头文件)";
			sourceTree = "<group>";
		};
		8D7DB0CE1F741CC4007D7B02 /* Category(分类) */ = {
			isa = PBXGroup;
			children = (
				8D7DB0CF1F741CDF007D7B02 /* UIImage+YJImage.h */,
				8D7DB0D01F741CDF007D7B02 /* UIImage+YJImage.m */,
				8D7DB0EF1F74BC09007D7B02 /* UIBarButtonItem+YJBarButtonItem.h */,
				8D7DB0F01F74BC09007D7B02 /* UIBarButtonItem+YJBarButtonItem.m */,
				8D86B3041F76072C00F74A87 /* UIView+YJExtension.h */,
				8D86B3051F76072C00F74A87 /* UIView+YJExtension.m */,
			);
			path = "Category(分类)";
			sourceTree = "<group>";
		};
		8D7DB0D51F742712007D7B02 /* Const(常量) */ = {
			isa = PBXGroup;
			children = (
				8D7DB0D61F742728007D7B02 /* YJConsts.h */,
				8D7DB0D71F742728007D7B02 /* YJConsts.m */,
			);
			path = "Const(常量)";
			sourceTree = "<group>";
		};
		8D7DB0D91F74977B007D7B02 /* Others */ = {
			isa = PBXGroup;
			children = (
				8D7DB0F51F74BF17007D7B02 /* PingFang Medium.ttf */,
				8D7DB0401F73F7D9007D7B02 /* Assets.xcassets */,
				8D7DB0421F73F7D9007D7B02 /* LaunchScreen.storyboard */,
				8D7DB0461F73F7D9007D7B02 /* main.m */,
				8D7DB03D1F73F7D9007D7B02 /* TestDemo.xcdatamodeld */,
			);
			path = Others;
			sourceTree = "<group>";
		};
		8D7DB0DA1F7497EC007D7B02 /* Modules(单元) */ = {
			isa = PBXGroup;
			children = (
				8D7DB0DB1F74983A007D7B02 /* HomeViewController.h */,
				8D7DB0DC1F74983A007D7B02 /* HomeViewController.m */,
				8D7DB0F61F74D675007D7B02 /* MessageViewController.h */,
				8D7DB0F71F74D675007D7B02 /* MessageViewController.m */,
				8D86B3081F76695500F74A87 /* DetailViewController.h */,
				8D86B3091F76695500F74A87 /* DetailViewController.m */,
				8D86B3181F7746D100F74A87 /* LeftMenuViewController */,
				8D86B2FF1F76024000F74A87 /* NavSearchBar */,
			);
			path = "Modules(单元)";
			sourceTree = "<group>";
		};
		8D7DB0DE1F7499B4007D7B02 /* Static(单例) */ = {
			isa = PBXGroup;
			children = (
				8D7DB0DF1F7499E3007D7B02 /* StaticClass.h */,
				8D7DB0E01F7499E3007D7B02 /* StaticClass.m */,
			);
			path = "Static(单例)";
			sourceTree = "<group>";
		};
		8D7DB0E21F74AE8C007D7B02 /* TabView */ = {
			isa = PBXGroup;
			children = (
				8D7DB0F21F74BE0E007D7B02 /* YJTabBar.h */,
				8D7DB0F31F74BE0E007D7B02 /* YJTabBar.m */,
			);
			path = TabView;
			sourceTree = "<group>";
		};
		8D7DB0E81F74B1E5007D7B02 /* Vendors */ = {
			isa = PBXGroup;
			children = (
				8D86B31F1F776AE700F74A87 /* CWLateralSlide */,
			);
			path = Vendors;
			sourceTree = "<group>";
		};
		8D86B2FF1F76024000F74A87 /* NavSearchBar */ = {
			isa = PBXGroup;
			children = (
				8D86B3001F76027300F74A87 /* YJNavSearchBarView.h */,
				8D86B3011F76027300F74A87 /* YJNavSearchBarView.m */,
			);
			path = NavSearchBar;
			sourceTree = "<group>";
		};
		8D86B3181F7746D100F74A87 /* LeftMenuViewController */ = {
			isa = PBXGroup;
			children = (
				8D86B3191F77470300F74A87 /* LeftMenuViewController.h */,
				8D86B31A1F77470300F74A87 /* LeftMenuViewController.m */,
			);
			path = LeftMenuViewController;
			sourceTree = "<group>";
		};
		8D86B31F1F776AE700F74A87 /* CWLateralSlide */ = {
			isa = PBXGroup;
			children = (
				8D86B3201F776AE700F74A87 /* CWDrawerTransition.h */,
				8D86B3211F776AE700F74A87 /* CWDrawerTransition.m */,
				8D86B3221F776AE700F74A87 /* CWInteractiveTransition.h */,
				8D86B3231F776AE700F74A87 /* CWInteractiveTransition.m */,
				8D86B3241F776AE700F74A87 /* CWLateralSlideAnimator.h */,
				8D86B3251F776AE700F74A87 /* CWLateralSlideAnimator.m */,
				8D86B32B1F77704F00F74A87 /* CWLateralSlideConfiguration.h */,
				8D86B32A1F77704F00F74A87 /* CWLateralSlideConfiguration.m */,
				8D86B3281F776AE700F74A87 /* UIViewController+CWLateralSlide.h */,
				8D86B3291F776AE700F74A87 /* UIViewController+CWLateralSlide.m */,
			);
			path = CWLateralSlide;
			sourceTree = "<group>";
		};
		CB6E2D1AFBF938F40FE132FC /* Frameworks */ = {
			isa = PBXGroup;
			children = (
				7D079E400D672103B8D28195 /* libPods-TestDemo.a */,
				878E5DA37AFA717771C2F6A1 /* libPods-TestDemoTests.a */,
				B6B137D0259C792BD53D3F16 /* libPods-TestDemoUITests.a */,
			);
			name = Frameworks;
			sourceTree = "<group>";
		};
/* End PBXGroup section */

/* Begin PBXNativeTarget section */
		8D7DB0301F73F7D9007D7B02 /* TestDemo */ = {
			isa = PBXNativeTarget;
			buildConfigurationList = 8D7DB0601F73F7D9007D7B02 /* Build configuration list for PBXNativeTarget "TestDemo" */;
			buildPhases = (
				C4532E05F619B88423F3B82D /* [CP] Check Pods Manifest.lock */,
				8D7DB02D1F73F7D9007D7B02 /* Sources */,
				8D7DB02E1F73F7D9007D7B02 /* Frameworks */,
				8D7DB02F1F73F7D9007D7B02 /* Resources */,
				B8B09F8890316CDDB0241B54 /* [CP] Embed Pods Frameworks */,
				2D33D92573FFCC643FBCB93D /* [CP] Copy Pods Resources */,
			);
			buildRules = (
			);
			dependencies = (
			);
			name = TestDemo;
			productName = TestDemo;
			productReference = 8D7DB0311F73F7D9007D7B02 /* TestDemo.app */;
			productType = "com.apple.product-type.application";
		};
		8D7DB04B1F73F7D9007D7B02 /* TestDemoTests */ = {
			isa = PBXNativeTarget;
			buildConfigurationList = 8D7DB0631F73F7D9007D7B02 /* Build configuration list for PBXNativeTarget "TestDemoTests" */;
			buildPhases = (
				15025F676665D4C813576BAD /* [CP] Check Pods Manifest.lock */,
				8D7DB0481F73F7D9007D7B02 /* Sources */,
				8D7DB0491F73F7D9007D7B02 /* Frameworks */,
				8D7DB04A1F73F7D9007D7B02 /* Resources */,
				DC2518AC521EEE9268944D14 /* [CP] Embed Pods Frameworks */,
				2FFBE59C0D9A7B29FD037188 /* [CP] Copy Pods Resources */,
			);
			buildRules = (
			);
			dependencies = (
				8D7DB04E1F73F7D9007D7B02 /* PBXTargetDependency */,
			);
			name = TestDemoTests;
			productName = TestDemoTests;
			productReference = 8D7DB04C1F73F7D9007D7B02 /* TestDemoTests.xctest */;
			productType = "com.apple.product-type.bundle.unit-test";
		};
		8D7DB0561F73F7D9007D7B02 /* TestDemoUITests */ = {
			isa = PBXNativeTarget;
			buildConfigurationList = 8D7DB0661F73F7D9007D7B02 /* Build configuration list for PBXNativeTarget "TestDemoUITests" */;
			buildPhases = (
				FA6C56084D47A34B99F723CD /* [CP] Check Pods Manifest.lock */,
				8D7DB0531F73F7D9007D7B02 /* Sources */,
				8D7DB0541F73F7D9007D7B02 /* Frameworks */,
				8D7DB0551F73F7D9007D7B02 /* Resources */,
				809ED83FC392BBF4087E9B83 /* [CP] Embed Pods Frameworks */,
				A5FB3AA1D4452B74F2471EF2 /* [CP] Copy Pods Resources */,
			);
			buildRules = (
			);
			dependencies = (
				8D7DB0591F73F7D9007D7B02 /* PBXTargetDependency */,
			);
			name = TestDemoUITests;
			productName = TestDemoUITests;
			productReference = 8D7DB0571F73F7D9007D7B02 /* TestDemoUITests.xctest */;
			productType = "com.apple.product-type.bundle.ui-testing";
		};
/* End PBXNativeTarget section */

/* Begin PBXProject section */
		8D7DB0291F73F7D9007D7B02 /* Project object */ = {
			isa = PBXProject;
			attributes = {
				LastUpgradeCheck = 0900;
				ORGANIZATIONNAME = "刘英杰";
				TargetAttributes = {
					8D7DB0301F73F7D9007D7B02 = {
						CreatedOnToolsVersion = 9.0;
						ProvisioningStyle = Automatic;
					};
					8D7DB04B1F73F7D9007D7B02 = {
						CreatedOnToolsVersion = 9.0;
						ProvisioningStyle = Automatic;
						TestTargetID = 8D7DB0301F73F7D9007D7B02;
					};
					8D7DB0561F73F7D9007D7B02 = {
						CreatedOnToolsVersion = 9.0;
						ProvisioningStyle = Automatic;
						TestTargetID = 8D7DB0301F73F7D9007D7B02;
					};
				};
			};
			buildConfigurationList = 8D7DB02C1F73F7D9007D7B02 /* Build configuration list for PBXProject "TestDemo" */;
			compatibilityVersion = "Xcode 8.0";
			developmentRegion = en;
			hasScannedForEncodings = 0;
			knownRegions = (
				en,
				Base,
			);
			mainGroup = 8D7DB0281F73F7D9007D7B02;
			productRefGroup = 8D7DB0321F73F7D9007D7B02 /* Products */;
			projectDirPath = "";
			projectRoot = "";
			targets = (
				8D7DB0301F73F7D9007D7B02 /* TestDemo */,
				8D7DB04B1F73F7D9007D7B02 /* TestDemoTests */,
				8D7DB0561F73F7D9007D7B02 /* TestDemoUITests */,
			);
		};
/* End PBXProject section */

/* Begin PBXResourcesBuildPhase section */
		8D7DB02F1F73F7D9007D7B02 /* Resources */ = {
			isa = PBXResourcesBuildPhase;
			buildActionMask = 2147483647;
			files = (
				8D7DB0441F73F7D9007D7B02 /* LaunchScreen.storyboard in Resources */,
				8D7DB0411F73F7D9007D7B02 /* Assets.xcassets in Resources */,
			);
			runOnlyForDeploymentPostprocessing = 0;
		};
		8D7DB04A1F73F7D9007D7B02 /* Resources */ = {
			isa = PBXResourcesBuildPhase;
			buildActionMask = 2147483647;
			files = (
			);
			runOnlyForDeploymentPostprocessing = 0;
		};
		8D7DB0551F73F7D9007D7B02 /* Resources */ = {
			isa = PBXResourcesBuildPhase;
			buildActionMask = 2147483647;
			files = (
			);
			runOnlyForDeploymentPostprocessing = 0;
		};
/* End PBXResourcesBuildPhase section */

/* Begin PBXShellScriptBuildPhase section */
		15025F676665D4C813576BAD /* [CP] Check Pods Manifest.lock */ = {
			isa = PBXShellScriptBuildPhase;
			buildActionMask = 2147483647;
			files = (
			);
			inputPaths = (
			);
			name = "[CP] Check Pods Manifest.lock";
			outputPaths = (
			);
			runOnlyForDeploymentPostprocessing = 0;
			shellPath = /bin/sh;
			shellScript = "diff \"${PODS_PODFILE_DIR_PATH}/Podfile.lock\" \"${PODS_ROOT}/Manifest.lock\" > /dev/null\nif [ $? != 0 ] ; then\n    # print error to STDERR\n    echo \"error: The sandbox is not in sync with the Podfile.lock. Run 'pod install' or update your CocoaPods installation.\" >&2\n    exit 1\nfi\n";
			showEnvVarsInLog = 0;
		};
		2D33D92573FFCC643FBCB93D /* [CP] Copy Pods Resources */ = {
			isa = PBXShellScriptBuildPhase;
			buildActionMask = 2147483647;
			files = (
			);
			inputPaths = (
			);
			name = "[CP] Copy Pods Resources";
			outputPaths = (
			);
			runOnlyForDeploymentPostprocessing = 0;
			shellPath = /bin/sh;
			shellScript = "\"${SRCROOT}/Pods/Target Support Files/Pods-TestDemo/Pods-TestDemo-resources.sh\"\n";
			showEnvVarsInLog = 0;
		};
		2FFBE59C0D9A7B29FD037188 /* [CP] Copy Pods Resources */ = {
			isa = PBXShellScriptBuildPhase;
			buildActionMask = 2147483647;
			files = (
			);
			inputPaths = (
			);
			name = "[CP] Copy Pods Resources";
			outputPaths = (
			);
			runOnlyForDeploymentPostprocessing = 0;
			shellPath = /bin/sh;
			shellScript = "\"${SRCROOT}/Pods/Target Support Files/Pods-TestDemoTests/Pods-TestDemoTests-resources.sh\"\n";
			showEnvVarsInLog = 0;
		};
		809ED83FC392BBF4087E9B83 /* [CP] Embed Pods Frameworks */ = {
			isa = PBXShellScriptBuildPhase;
			buildActionMask = 2147483647;
			files = (
			);
			inputPaths = (
			);
			name = "[CP] Embed Pods Frameworks";
			outputPaths = (
			);
			runOnlyForDeploymentPostprocessing = 0;
			shellPath = /bin/sh;
			shellScript = "\"${SRCROOT}/Pods/Target Support Files/Pods-TestDemoUITests/Pods-TestDemoUITests-frameworks.sh\"\n";
			showEnvVarsInLog = 0;
		};
		A5FB3AA1D4452B74F2471EF2 /* [CP] Copy Pods Resources */ = {
			isa = PBXShellScriptBuildPhase;
			buildActionMask = 2147483647;
			files = (
			);
			inputPaths = (
			);
			name = "[CP] Copy Pods Resources";
			outputPaths = (
			);
			runOnlyForDeploymentPostprocessing = 0;
			shellPath = /bin/sh;
			shellScript = "\"${SRCROOT}/Pods/Target Support Files/Pods-TestDemoUITests/Pods-TestDemoUITests-resources.sh\"\n";
			showEnvVarsInLog = 0;
		};
		B8B09F8890316CDDB0241B54 /* [CP] Embed Pods Frameworks */ = {
			isa = PBXShellScriptBuildPhase;
			buildActionMask = 2147483647;
			files = (
			);
			inputPaths = (
			);
			name = "[CP] Embed Pods Frameworks";
			outputPaths = (
			);
			runOnlyForDeploymentPostprocessing = 0;
			shellPath = /bin/sh;
			shellScript = "\"${SRCROOT}/Pods/Target Support Files/Pods-TestDemo/Pods-TestDemo-frameworks.sh\"\n";
			showEnvVarsInLog = 0;
		};
		C4532E05F619B88423F3B82D /* [CP] Check Pods Manifest.lock */ = {
			isa = PBXShellScriptBuildPhase;
			buildActionMask = 2147483647;
			files = (
			);
			inputPaths = (
			);
			name = "[CP] Check Pods Manifest.lock";
			outputPaths = (
			);
			runOnlyForDeploymentPostprocessing = 0;
			shellPath = /bin/sh;
			shellScript = "diff \"${PODS_PODFILE_DIR_PATH}/Podfile.lock\" \"${PODS_ROOT}/Manifest.lock\" > /dev/null\nif [ $? != 0 ] ; then\n    # print error to STDERR\n    echo \"error: The sandbox is not in sync with the Podfile.lock. Run 'pod install' or update your CocoaPods installation.\" >&2\n    exit 1\nfi\n";
			showEnvVarsInLog = 0;
		};
		DC2518AC521EEE9268944D14 /* [CP] Embed Pods Frameworks */ = {
			isa = PBXShellScriptBuildPhase;
			buildActionMask = 2147483647;
			files = (
			);
			inputPaths = (
			);
			name = "[CP] Embed Pods Frameworks";
			outputPaths = (
			);
			runOnlyForDeploymentPostprocessing = 0;
			shellPath = /bin/sh;
			shellScript = "\"${SRCROOT}/Pods/Target Support Files/Pods-TestDemoTests/Pods-TestDemoTests-frameworks.sh\"\n";
			showEnvVarsInLog = 0;
		};
		FA6C56084D47A34B99F723CD /* [CP] Check Pods Manifest.lock */ = {
			isa = PBXShellScriptBuildPhase;
			buildActionMask = 2147483647;
			files = (
			);
			inputPaths = (
			);
			name = "[CP] Check Pods Manifest.lock";
			outputPaths = (
			);
			runOnlyForDeploymentPostprocessing = 0;
			shellPath = /bin/sh;
			shellScript = "diff \"${PODS_PODFILE_DIR_PATH}/Podfile.lock\" \"${PODS_ROOT}/Manifest.lock\" > /dev/null\nif [ $? != 0 ] ; then\n    # print error to STDERR\n    echo \"error: The sandbox is not in sync with the Podfile.lock. Run 'pod install' or update your CocoaPods installation.\" >&2\n    exit 1\nfi\n";
			showEnvVarsInLog = 0;
		};
/* End PBXShellScriptBuildPhase section */

/* Begin PBXSourcesBuildPhase section */
		8D7DB02D1F73F7D9007D7B02 /* Sources */ = {
			isa = PBXSourcesBuildPhase;
			buildActionMask = 2147483647;
			files = (
				8D7DB0D11F741CDF007D7B02 /* UIImage+YJImage.m in Sources */,
				8D7DB03F1F73F7D9007D7B02 /* TestDemo.xcdatamodeld in Sources */,
				8D7DB0D81F742728007D7B02 /* YJConsts.m in Sources */,
				8D7DB0391F73F7D9007D7B02 /* ViewController.m in Sources */,
				8D7DB0BE1F740F91007D7B02 /* AppDelegate+YJAppService.m in Sources */,
				8D7DB0B81F740F3D007D7B02 /* AppDelegate.m in Sources */,
				8D7DB0F81F74D675007D7B02 /* MessageViewController.m in Sources */,
				8D7DB0C51F741860007D7B02 /* YJNavigationController.m in Sources */,
				8D7DB06C1F73F904007D7B02 /* TestUnit.m in Sources */,
				8D86B30A1F76695500F74A87 /* DetailViewController.m in Sources */,
				8D7DB0C81F741888007D7B02 /* YJRootTabBarController.m in Sources */,
				8D7DB0471F73F7D9007D7B02 /* main.m in Sources */,
				8D7DB0E11F7499E3007D7B02 /* StaticClass.m in Sources */,
				8D7DB0C21F74173D007D7B02 /* YJBaseViewController.m in Sources */,
				8D7DB0F11F74BC09007D7B02 /* UIBarButtonItem+YJBarButtonItem.m in Sources */,
				8D86B3021F76027300F74A87 /* YJNavSearchBarView.m in Sources */,
				8D86B3061F76072C00F74A87 /* UIView+YJExtension.m in Sources */,
				8D7DB0DD1F74983A007D7B02 /* HomeViewController.m in Sources */,
				8D86B31B1F77470300F74A87 /* LeftMenuViewController.m in Sources */,
				8D7DB0F41F74BE0E007D7B02 /* YJTabBar.m in Sources */,
			);
			runOnlyForDeploymentPostprocessing = 0;
		};
		8D7DB0481F73F7D9007D7B02 /* Sources */ = {
			isa = PBXSourcesBuildPhase;
			buildActionMask = 2147483647;
			files = (
				8D7DB0511F73F7D9007D7B02 /* TestDemoTests.m in Sources */,
			);
			runOnlyForDeploymentPostprocessing = 0;
		};
		8D7DB0531F73F7D9007D7B02 /* Sources */ = {
			isa = PBXSourcesBuildPhase;
			buildActionMask = 2147483647;
			files = (
				8D7DB05C1F73F7D9007D7B02 /* TestDemoUITests.m in Sources */,
			);
			runOnlyForDeploymentPostprocessing = 0;
		};
/* End PBXSourcesBuildPhase section */

/* Begin PBXTargetDependency section */
		8D7DB04E1F73F7D9007D7B02 /* PBXTargetDependency */ = {
			isa = PBXTargetDependency;
			target = 8D7DB0301F73F7D9007D7B02 /* TestDemo */;
			targetProxy = 8D7DB04D1F73F7D9007D7B02 /* PBXContainerItemProxy */;
		};
		8D7DB0591F73F7D9007D7B02 /* PBXTargetDependency */ = {
			isa = PBXTargetDependency;
			target = 8D7DB0301F73F7D9007D7B02 /* TestDemo */;
			targetProxy = 8D7DB0581F73F7D9007D7B02 /* PBXContainerItemProxy */;
		};
/* End PBXTargetDependency section */

/* Begin PBXVariantGroup section */
		8D7DB0421F73F7D9007D7B02 /* LaunchScreen.storyboard */ = {
			isa = PBXVariantGroup;
			children = (
				8D7DB0431F73F7D9007D7B02 /* Base */,
			);
			name = LaunchScreen.storyboard;
			sourceTree = "<group>";
		};
/* End PBXVariantGroup section */

/* Begin XCBuildConfiguration section */
		8D7DB05E1F73F7D9007D7B02 /* Debug */ = {
			isa = XCBuildConfiguration;
			buildSettings = {
				ALWAYS_SEARCH_USER_PATHS = NO;
				CLANG_ANALYZER_NONNULL = YES;
				CLANG_ANALYZER_NUMBER_OBJECT_CONVERSION = YES_AGGRESSIVE;
				CLANG_CXX_LANGUAGE_STANDARD = "gnu++14";
				CLANG_CXX_LIBRARY = "libc++";
				CLANG_ENABLE_MODULES = YES;
				CLANG_ENABLE_OBJC_ARC = YES;
				CLANG_WARN_BLOCK_CAPTURE_AUTORELEASING = YES;
				CLANG_WARN_BOOL_CONVERSION = YES;
				CLANG_WARN_COMMA = YES;
				CLANG_WARN_CONSTANT_CONVERSION = YES;
				CLANG_WARN_DIRECT_OBJC_ISA_USAGE = YES_ERROR;
				CLANG_WARN_DOCUMENTATION_COMMENTS = YES;
				CLANG_WARN_EMPTY_BODY = YES;
				CLANG_WARN_ENUM_CONVERSION = YES;
				CLANG_WARN_INFINITE_RECURSION = YES;
				CLANG_WARN_INT_CONVERSION = YES;
				CLANG_WARN_NON_LITERAL_NULL_CONVERSION = YES;
				CLANG_WARN_OBJC_LITERAL_CONVERSION = YES;
				CLANG_WARN_OBJC_ROOT_CLASS = YES_ERROR;
				CLANG_WARN_RANGE_LOOP_ANALYSIS = YES;
				CLANG_WARN_STRICT_PROTOTYPES = YES;
				CLANG_WARN_SUSPICIOUS_MOVE = YES;
				CLANG_WARN_UNGUARDED_AVAILABILITY = YES_AGGRESSIVE;
				CLANG_WARN_UNREACHABLE_CODE = YES;
				CLANG_WARN__DUPLICATE_METHOD_MATCH = YES;
				CODE_SIGN_IDENTITY = "iPhone Developer";
				COPY_PHASE_STRIP = NO;
				DEBUG_INFORMATION_FORMAT = dwarf;
				ENABLE_STRICT_OBJC_MSGSEND = YES;
				ENABLE_TESTABILITY = YES;
				GCC_C_LANGUAGE_STANDARD = gnu11;
				GCC_DYNAMIC_NO_PIC = NO;
				GCC_NO_COMMON_BLOCKS = YES;
				GCC_OPTIMIZATION_LEVEL = 0;
				GCC_PRECOMPILE_PREFIX_HEADER = YES;
				GCC_PREFIX_HEADER = "TestDemo/Expand(扩展)/PrefixHeader.pch";
				GCC_PREPROCESSOR_DEFINITIONS = (
					"DEBUG=1",
					"$(inherited)",
				);
				GCC_WARN_64_TO_32_BIT_CONVERSION = YES;
				GCC_WARN_ABOUT_RETURN_TYPE = YES_ERROR;
				GCC_WARN_UNDECLARED_SELECTOR = YES;
				GCC_WARN_UNINITIALIZED_AUTOS = YES_AGGRESSIVE;
				GCC_WARN_UNUSED_FUNCTION = YES;
				GCC_WARN_UNUSED_VARIABLE = YES;
				IPHONEOS_DEPLOYMENT_TARGET = 11.0;
				MTL_ENABLE_DEBUG_INFO = YES;
				ONLY_ACTIVE_ARCH = YES;
				SDKROOT = iphoneos;
			};
			name = Debug;
		};
		8D7DB05F1F73F7D9007D7B02 /* Release */ = {
			isa = XCBuildConfiguration;
			buildSettings = {
				ALWAYS_SEARCH_USER_PATHS = NO;
				CLANG_ANALYZER_NONNULL = YES;
				CLANG_ANALYZER_NUMBER_OBJECT_CONVERSION = YES_AGGRESSIVE;
				CLANG_CXX_LANGUAGE_STANDARD = "gnu++14";
				CLANG_CXX_LIBRARY = "libc++";
				CLANG_ENABLE_MODULES = YES;
				CLANG_ENABLE_OBJC_ARC = YES;
				CLANG_WARN_BLOCK_CAPTURE_AUTORELEASING = YES;
				CLANG_WARN_BOOL_CONVERSION = YES;
				CLANG_WARN_COMMA = YES;
				CLANG_WARN_CONSTANT_CONVERSION = YES;
				CLANG_WARN_DIRECT_OBJC_ISA_USAGE = YES_ERROR;
				CLANG_WARN_DOCUMENTATION_COMMENTS = YES;
				CLANG_WARN_EMPTY_BODY = YES;
				CLANG_WARN_ENUM_CONVERSION = YES;
				CLANG_WARN_INFINITE_RECURSION = YES;
				CLANG_WARN_INT_CONVERSION = YES;
				CLANG_WARN_NON_LITERAL_NULL_CONVERSION = YES;
				CLANG_WARN_OBJC_LITERAL_CONVERSION = YES;
				CLANG_WARN_OBJC_ROOT_CLASS = YES_ERROR;
				CLANG_WARN_RANGE_LOOP_ANALYSIS = YES;
				CLANG_WARN_STRICT_PROTOTYPES = YES;
				CLANG_WARN_SUSPICIOUS_MOVE = YES;
				CLANG_WARN_UNGUARDED_AVAILABILITY = YES_AGGRESSIVE;
				CLANG_WARN_UNREACHABLE_CODE = YES;
				CLANG_WARN__DUPLICATE_METHOD_MATCH = YES;
				CODE_SIGN_IDENTITY = "iPhone Developer";
				COPY_PHASE_STRIP = NO;
				DEBUG_INFORMATION_FORMAT = "dwarf-with-dsym";
				ENABLE_NS_ASSERTIONS = NO;
				ENABLE_STRICT_OBJC_MSGSEND = YES;
				GCC_C_LANGUAGE_STANDARD = gnu11;
				GCC_NO_COMMON_BLOCKS = YES;
				GCC_PRECOMPILE_PREFIX_HEADER = YES;
				GCC_PREFIX_HEADER = "TestDemo/Expand(扩展)/PrefixHeader.pch";
				GCC_WARN_64_TO_32_BIT_CONVERSION = YES;
				GCC_WARN_ABOUT_RETURN_TYPE = YES_ERROR;
				GCC_WARN_UNDECLARED_SELECTOR = YES;
				GCC_WARN_UNINITIALIZED_AUTOS = YES_AGGRESSIVE;
				GCC_WARN_UNUSED_FUNCTION = YES;
				GCC_WARN_UNUSED_VARIABLE = YES;
				IPHONEOS_DEPLOYMENT_TARGET = 11.0;
				MTL_ENABLE_DEBUG_INFO = NO;
				SDKROOT = iphoneos;
				VALIDATE_PRODUCT = YES;
			};
			name = Release;
		};
		8D7DB0611F73F7D9007D7B02 /* Debug */ = {
			isa = XCBuildConfiguration;
			baseConfigurationReference = 2EA2450A5D8203B459382B37 /* Pods-TestDemo.debug.xcconfig */;
			buildSettings = {
				ASSETCATALOG_COMPILER_APPICON_NAME = AppIcon;
				CODE_SIGN_STYLE = Automatic;
				DEVELOPMENT_TEAM = PHUF2ASV3Q;
				ENABLE_BITCODE = NO;
				INFOPLIST_FILE = TestDemo/Info.plist;
				IPHONEOS_DEPLOYMENT_TARGET = 8.0;
				LD_RUNPATH_SEARCH_PATHS = "$(inherited) @executable_path/Frameworks";
				PRODUCT_BUNDLE_IDENTIFIER = liuyingjie.TestDemo;
				PRODUCT_NAME = "$(TARGET_NAME)";
				TARGETED_DEVICE_FAMILY = "1,2";
			};
			name = Debug;
		};
		8D7DB0621F73F7D9007D7B02 /* Release */ = {
			isa = XCBuildConfiguration;
			baseConfigurationReference = 9D66AC55C6A4A244D6CF15DF /* Pods-TestDemo.release.xcconfig */;
			buildSettings = {
				ASSETCATALOG_COMPILER_APPICON_NAME = AppIcon;
				CODE_SIGN_STYLE = Automatic;
				DEVELOPMENT_TEAM = PHUF2ASV3Q;
				ENABLE_BITCODE = NO;
				INFOPLIST_FILE = TestDemo/Info.plist;
				IPHONEOS_DEPLOYMENT_TARGET = 8.0;
				LD_RUNPATH_SEARCH_PATHS = "$(inherited) @executable_path/Frameworks";
				PRODUCT_BUNDLE_IDENTIFIER = liuyingjie.TestDemo;
				PRODUCT_NAME = "$(TARGET_NAME)";
				TARGETED_DEVICE_FAMILY = "1,2";
			};
			name = Release;
		};
		8D7DB0641F73F7D9007D7B02 /* Debug */ = {
			isa = XCBuildConfiguration;
			baseConfigurationReference = 53BE0C40659750612EFC74D5 /* Pods-TestDemoTests.debug.xcconfig */;
			buildSettings = {
				BUNDLE_LOADER = "$(TEST_HOST)";
				CODE_SIGN_STYLE = Automatic;
				DEVELOPMENT_TEAM = PHUF2ASV3Q;
				INFOPLIST_FILE = TestDemoTests/Info.plist;
				LD_RUNPATH_SEARCH_PATHS = "$(inherited) @executable_path/Frameworks @loader_path/Frameworks";
				PRODUCT_BUNDLE_IDENTIFIER = liuyingjie.TestDemoTests;
				PRODUCT_NAME = "$(TARGET_NAME)";
				TARGETED_DEVICE_FAMILY = "1,2";
				TEST_HOST = "$(BUILT_PRODUCTS_DIR)/TestDemo.app/TestDemo";
			};
			name = Debug;
		};
		8D7DB0651F73F7D9007D7B02 /* Release */ = {
			isa = XCBuildConfiguration;
			baseConfigurationReference = 2168DF900CDF2CBFE4E7BFE0 /* Pods-TestDemoTests.release.xcconfig */;
			buildSettings = {
				BUNDLE_LOADER = "$(TEST_HOST)";
				CODE_SIGN_STYLE = Automatic;
				DEVELOPMENT_TEAM = PHUF2ASV3Q;
				INFOPLIST_FILE = TestDemoTests/Info.plist;
				LD_RUNPATH_SEARCH_PATHS = "$(inherited) @executable_path/Frameworks @loader_path/Frameworks";
				PRODUCT_BUNDLE_IDENTIFIER = liuyingjie.TestDemoTests;
				PRODUCT_NAME = "$(TARGET_NAME)";
				TARGETED_DEVICE_FAMILY = "1,2";
				TEST_HOST = "$(BUILT_PRODUCTS_DIR)/TestDemo.app/TestDemo";
			};
			name = Release;
		};
		8D7DB0671F73F7D9007D7B02 /* Debug */ = {
			isa = XCBuildConfiguration;
			baseConfigurationReference = 04040D327CFAE38E2A706BA1 /* Pods-TestDemoUITests.debug.xcconfig */;
			buildSettings = {
				CODE_SIGN_STYLE = Automatic;
				DEVELOPMENT_TEAM = PHUF2ASV3Q;
				INFOPLIST_FILE = TestDemoUITests/Info.plist;
				LD_RUNPATH_SEARCH_PATHS = "$(inherited) @executable_path/Frameworks @loader_path/Frameworks";
				PRODUCT_BUNDLE_IDENTIFIER = liuyingjie.TestDemoUITests;
				PRODUCT_NAME = "$(TARGET_NAME)";
				TARGETED_DEVICE_FAMILY = "1,2";
				TEST_TARGET_NAME = TestDemo;
			};
			name = Debug;
		};
		8D7DB0681F73F7D9007D7B02 /* Release */ = {
			isa = XCBuildConfiguration;
			baseConfigurationReference = CC2FFDF84A30EDF4DB4B07D6 /* Pods-TestDemoUITests.release.xcconfig */;
			buildSettings = {
				CODE_SIGN_STYLE = Automatic;
				DEVELOPMENT_TEAM = PHUF2ASV3Q;
				INFOPLIST_FILE = TestDemoUITests/Info.plist;
				LD_RUNPATH_SEARCH_PATHS = "$(inherited) @executable_path/Frameworks @loader_path/Frameworks";
				PRODUCT_BUNDLE_IDENTIFIER = liuyingjie.TestDemoUITests;
				PRODUCT_NAME = "$(TARGET_NAME)";
				TARGETED_DEVICE_FAMILY = "1,2";
				TEST_TARGET_NAME = TestDemo;
			};
			name = Release;
		};
/* End XCBuildConfiguration section */

/* Begin XCConfigurationList section */
		8D7DB02C1F73F7D9007D7B02 /* Build configuration list for PBXProject "TestDemo" */ = {
			isa = XCConfigurationList;
			buildConfigurations = (
				8D7DB05E1F73F7D9007D7B02 /* Debug */,
				8D7DB05F1F73F7D9007D7B02 /* Release */,
			);
			defaultConfigurationIsVisible = 0;
			defaultConfigurationName = Release;
		};
		8D7DB0601F73F7D9007D7B02 /* Build configuration list for PBXNativeTarget "TestDemo" */ = {
			isa = XCConfigurationList;
			buildConfigurations = (
				8D7DB0611F73F7D9007D7B02 /* Debug */,
				8D7DB0621F73F7D9007D7B02 /* Release */,
			);
			defaultConfigurationIsVisible = 0;
			defaultConfigurationName = Release;
		};
		8D7DB0631F73F7D9007D7B02 /* Build configuration list for PBXNativeTarget "TestDemoTests" */ = {
			isa = XCConfigurationList;
			buildConfigurations = (
				8D7DB0641F73F7D9007D7B02 /* Debug */,
				8D7DB0651F73F7D9007D7B02 /* Release */,
			);
			defaultConfigurationIsVisible = 0;
			defaultConfigurationName = Release;
		};
		8D7DB0661F73F7D9007D7B02 /* Build configuration list for PBXNativeTarget "TestDemoUITests" */ = {
			isa = XCConfigurationList;
			buildConfigurations = (
				8D7DB0671F73F7D9007D7B02 /* Debug */,
				8D7DB0681F73F7D9007D7B02 /* Release */,
			);
			defaultConfigurationIsVisible = 0;
			defaultConfigurationName = Release;
		};
/* End XCConfigurationList section */

/* Begin XCVersionGroup section */
		8D7DB03D1F73F7D9007D7B02 /* TestDemo.xcdatamodeld */ = {
			isa = XCVersionGroup;
			children = (
				8D7DB03E1F73F7D9007D7B02 /* TestDemo.xcdatamodel */,
			);
			currentVersion = 8D7DB03E1F73F7D9007D7B02 /* TestDemo.xcdatamodel */;
			path = TestDemo.xcdatamodeld;
			sourceTree = "<group>";
			versionGroupType = wrapper.xcdatamodel;
		};
/* End XCVersionGroup section */
	};
	rootObject = 8D7DB0291F73F7D9007D7B02 /* Project object */;
}
